{
  "name": "titanium",
  "lockfileVersion": 3,
  "requires": true,
  "packages": {
    "": {
      "dependencies": {
        "@coingecko/coingecko-typescript": "^3.1.6"
      }
    },
    "node_modules/@coingecko/coingecko-typescript": {
      "version": "3.1.6",
      "resolved": "https://registry.npmjs.org/@coingecko/coingecko-typescript/-/coingecko-typescript-3.1.6.tgz",
      "integrity": "sha512-2bpxm38bgXyUDlgML78ki0JxWuu5aJOOpvtS8zrAvzyY1kxUZ+UTZPSGcYDS1TJ9b1naBjH9j7g4lGpjEBYomA==",
      "license": "Apache-2.0"
    }
  }
}
